
Microsoft Visual Studio Solution File, Format Version 12.00
# Visual Studio Version 17
VisualStudioVersion = 17.13.35828.75 d17.13
MinimumVisualStudioVersion = 10.0.40219.1
Project("{FAE04EC0-301F-11D3-BF4B-00C04F79EFBC}") = "Fonts Downloader", "Fonts Downloader\Fonts Downloader.csproj", "{E6DC24EB-2EA1-4A19-AB87-6569D9B3C623}"
EndProject
Global
	GlobalSection(SolutionConfigurationPlatforms) = preSolution
		Debug|ARM64 = Debug|ARM64
		Debug|x64 = Debug|x64
		Debug|x86 = Debug|x86
		Release|ARM64 = Release|ARM64
		Release|x64 = Release|x64
		Release|x86 = Release|x86
	EndGlobalSection
	GlobalSection(ProjectConfigurationPlatforms) = postSolution
		{E6DC24EB-2EA1-4A19-AB87-6569D9B3C623}.Debug|ARM64.ActiveCfg = Debug|ARM64
		{E6DC24EB-2EA1-4A19-AB87-6569D9B3C623}.Debug|ARM64.Build.0 = Debug|ARM64
		{E6DC24EB-2EA1-4A19-AB87-6569D9B3C623}.Debug|ARM64.Deploy.0 = Debug|ARM64
		{E6DC24EB-2EA1-4A19-AB87-6569D9B3C623}.Debug|x64.ActiveCfg = Debug|x64
		{E6DC24EB-2EA1-4A19-AB87-6569D9B3C623}.Debug|x64.Build.0 = Debug|x64
		{E6DC24EB-2EA1-4A19-AB87-6569D9B3C623}.Debug|x64.Deploy.0 = Debug|x64
		{E6DC24EB-2EA1-4A19-AB87-6569D9B3C623}.Debug|x86.ActiveCfg = Debug|x86
		{E6DC24EB-2EA1-4A19-AB87-6569D9B3C623}.Debug|x86.Build.0 = Debug|x86
		{E6DC24EB-2EA1-4A19-AB87-6569D9B3C623}.Debug|x86.Deploy.0 = Debug|x86
		{E6DC24EB-2EA1-4A19-AB87-6569D9B3C623}.Release|ARM64.ActiveCfg = Release|ARM64
		{E6DC24EB-2EA1-4A19-AB87-6569D9B3C623}.Release|ARM64.Build.0 = Release|ARM64
		{E6DC24EB-2EA1-4A19-AB87-6569D9B3C623}.Release|ARM64.Deploy.0 = Release|ARM64
		{E6DC24EB-2EA1-4A19-AB87-6569D9B3C623}.Release|x64.ActiveCfg = Release|x64
		{E6DC24EB-2EA1-4A19-AB87-6569D9B3C623}.Release|x64.Build.0 = Release|x64
		{E6DC24EB-2EA1-4A19-AB87-6569D9B3C623}.Release|x64.Deploy.0 = Release|x64
		{E6DC24EB-2EA1-4A19-AB87-6569D9B3C623}.Release|x86.ActiveCfg = Release|x86
		{E6DC24EB-2EA1-4A19-AB87-6569D9B3C623}.Release|x86.Build.0 = Release|x86
		{E6DC24EB-2EA1-4A19-AB87-6569D9B3C623}.Release|x86.Deploy.0 = Release|x86
	EndGlobalSection
	GlobalSection(SolutionProperties) = preSolution
		HideSolutionNode = FALSE
	EndGlobalSection
	GlobalSection(ExtensibilityGlobals) = postSolution
		SolutionGuid = {65184953-431D-4F4D-A4A7-8F71AF3930CD}
	EndGlobalSection
EndGlobal
